
Microsoft Visual Studio Solution File, Format Version 12.00
# Visual Studio Version 17
VisualStudioVersion = 17.13.35913.81 d17.13
MinimumVisualStudioVersion = 10.0.40219.1
Project("{FAE04EC0-301F-11D3-BF4B-00C04F79EFBC}") = "Lista - Estruturas de Repetição", "Lista - Estruturas de Repetição\Lista - Estruturas de Repetição.csproj", "{99D48070-92A4-4DA1-8F7D-BD13AD92E981}"
EndProject
Global
	GlobalSection(SolutionConfigurationPlatforms) = preSolution
		Debug|Any CPU = Debug|Any CPU
		Release|Any CPU = Release|Any CPU
	EndGlobalSection
	GlobalSection(ProjectConfigurationPlatforms) = postSolution
		{99D48070-92A4-4DA1-8F7D-BD13AD92E981}.Debug|Any CPU.ActiveCfg = Debug|Any CPU
		{99D48070-92A4-4DA1-8F7D-BD13AD92E981}.Debug|Any CPU.Build.0 = Debug|Any CPU
		{99D48070-92A4-4DA1-8F7D-BD13AD92E981}.Release|Any CPU.ActiveCfg = Release|Any CPU
		{99D48070-92A4-4DA1-8F7D-BD13AD92E981}.Release|Any CPU.Build.0 = Release|Any CPU
	EndGlobalSection
	GlobalSection(SolutionProperties) = preSolution
		HideSolutionNode = FALSE
	EndGlobalSection
	GlobalSection(ExtensibilityGlobals) = postSolution
		SolutionGuid = {A9D6DED4-D1CA-4DBA-8589-2B76F767E99A}
	EndGlobalSection
EndGlobal
